// !$*UTF8*$!
{
	archiveVersion = 1;
	classes = {
	};
	objectVersion = 46;
	objects = {

/* Begin PBXBuildFile section */
		4A2079431E2606D80042FA4B /* ClassWriter.swift in Sources */ = {isa = PBXBuildFile; fileRef = 4ABA93EA1B17822B00AE844A /* ClassWriter.swift */; };
		4A20A8701B1AF97B006B9BFD /* PropetyCreatorTest.swift in Sources */ = {isa = PBXBuildFile; fileRef = 4A20A86F1B1AF97B006B9BFD /* PropetyCreatorTest.swift */; };
		4A20A8711B1AFB4B006B9BFD /* PropertyInfo.swift in Sources */ = {isa = PBXBuildFile; fileRef = 4ABA93ED1B19FA2F00AE844A /* PropertyInfo.swift */; };
		4A20A8741B1F7404006B9BFD /* String+Extension.swift in Sources */ = {isa = PBXBuildFile; fileRef = 4A20A8721B1F7121006B9BFD /* String+Extension.swift */; };
		4A20A8751B1F7419006B9BFD /* String+Extension.swift in Sources */ = {isa = PBXBuildFile; fileRef = 4A20A8721B1F7121006B9BFD /* String+Extension.swift */; };
		4A85D39D1B21F2300043AD5E /* Settings.swift in Sources */ = {isa = PBXBuildFile; fileRef = 4A85D39C1B21F2300043AD5E /* Settings.swift */; };
		4A85D3A11B2235F60043AD5E /* StringExtensionTests.swift in Sources */ = {isa = PBXBuildFile; fileRef = 4A85D3A01B2235F60043AD5E /* StringExtensionTests.swift */; };
		4ABA93B91B17593000AE844A /* AppDelegate.swift in Sources */ = {isa = PBXBuildFile; fileRef = 4ABA93B81B17593000AE844A /* AppDelegate.swift */; };
		4ABA93BD1B17593000AE844A /* Images.xcassets in Resources */ = {isa = PBXBuildFile; fileRef = 4ABA93BC1B17593000AE844A /* Images.xcassets */; };
		4ABA93C01B17593000AE844A /* Main.storyboard in Resources */ = {isa = PBXBuildFile; fileRef = 4ABA93BE1B17593000AE844A /* Main.storyboard */; };
		4ABA93DB1B175A0700AE844A /* Constants.swift in Sources */ = {isa = PBXBuildFile; fileRef = 4ABA93DA1B175A0700AE844A /* Constants.swift */; };
		4ABA93DD1B175A6900AE844A /* SaveAccessoryView.swift in Sources */ = {isa = PBXBuildFile; fileRef = 4ABA93DC1B175A6900AE844A /* SaveAccessoryView.swift */; };
		4ABA93DF1B175A7800AE844A /* DraggDroppTextView.swift in Sources */ = {isa = PBXBuildFile; fileRef = 4ABA93DE1B175A7800AE844A /* DraggDroppTextView.swift */; };
		4ABA93E21B175A9600AE844A /* JSONEditViewController.swift in Sources */ = {isa = PBXBuildFile; fileRef = 4ABA93E11B175A9600AE844A /* JSONEditViewController.swift */; };
		4ABA93E41B1781B600AE844A /* NSMutableString+Extension.swift in Sources */ = {isa = PBXBuildFile; fileRef = 4ABA93E31B1781B600AE844A /* NSMutableString+Extension.swift */; };
		4ABA93E81B1781CD00AE844A /* h.filetemplate in Resources */ = {isa = PBXBuildFile; fileRef = 4ABA93E61B1781CD00AE844A /* h.filetemplate */; };
		4ABA93E91B1781CD00AE844A /* m.filetemplate in Resources */ = {isa = PBXBuildFile; fileRef = 4ABA93E71B1781CD00AE844A /* m.filetemplate */; };
		4ABA93EB1B17822B00AE844A /* ClassWriter.swift in Sources */ = {isa = PBXBuildFile; fileRef = 4ABA93EA1B17822B00AE844A /* ClassWriter.swift */; };
		4ABA93EE1B19FA2F00AE844A /* PropertyInfo.swift in Sources */ = {isa = PBXBuildFile; fileRef = 4ABA93ED1B19FA2F00AE844A /* PropertyInfo.swift */; };
		4AD1E59F1B2441E8009AD5B8 /* Settings.swift in Sources */ = {isa = PBXBuildFile; fileRef = 4A85D39C1B21F2300043AD5E /* Settings.swift */; };
		B2AC7E771BE38BB9004EA6EE /* swift.filetemplate in Resources */ = {isa = PBXBuildFile; fileRef = B2AC7E761BE38BB9004EA6EE /* swift.filetemplate */; };
		B2D3F0511C7D77AC004ED50C /* CompareJSONViewController.swift in Sources */ = {isa = PBXBuildFile; fileRef = B2D3F0501C7D77AC004ED50C /* CompareJSONViewController.swift */; };
/* End PBXBuildFile section */

/* Begin PBXContainerItemProxy section */
		4ABA93C61B17593100AE844A /* PBXContainerItemProxy */ = {
			isa = PBXContainerItemProxy;
			containerPortal = 4ABA93AB1B17593000AE844A /* Project object */;
			proxyType = 1;
			remoteGlobalIDString = 4ABA93B21B17593000AE844A;
			remoteInfo = JSONModeller;
		};
/* End PBXContainerItemProxy section */

/* Begin PBXFileReference section */
		4A20A86F1B1AF97B006B9BFD /* PropetyCreatorTest.swift */ = {isa = PBXFileReference; fileEncoding = 4; lastKnownFileType = sourcecode.swift; path = PropetyCreatorTest.swift; sourceTree = "<group>"; };
		4A20A8721B1F7121006B9BFD /* String+Extension.swift */ = {isa = PBXFileReference; fileEncoding = 4; lastKnownFileType = sourcecode.swift; path = "String+Extension.swift"; sourceTree = "<group>"; };
		4A85D39C1B21F2300043AD5E /* Settings.swift */ = {isa = PBXFileReference; fileEncoding = 4; lastKnownFileType = sourcecode.swift; path = Settings.swift; sourceTree = "<group>"; };
		4A85D3A01B2235F60043AD5E /* StringExtensionTests.swift */ = {isa = PBXFileReference; fileEncoding = 4; lastKnownFileType = sourcecode.swift; path = StringExtensionTests.swift; sourceTree = "<group>"; };
		4ABA93B31B17593000AE844A /* JSONModeller.app */ = {isa = PBXFileReference; explicitFileType = wrapper.application; includeInIndex = 0; path = JSONModeller.app; sourceTree = BUILT_PRODUCTS_DIR; };
		4ABA93B71B17593000AE844A /* Info.plist */ = {isa = PBXFileReference; lastKnownFileType = text.plist.xml; path = Info.plist; sourceTree = "<group>"; };
		4ABA93B81B17593000AE844A /* AppDelegate.swift */ = {isa = PBXFileReference; lastKnownFileType = sourcecode.swift; path = AppDelegate.swift; sourceTree = "<group>"; };
		4ABA93BC1B17593000AE844A /* Images.xcassets */ = {isa = PBXFileReference; lastKnownFileType = folder.assetcatalog; path = Images.xcassets; sourceTree = "<group>"; };
		4ABA93BF1B17593000AE844A /* Base */ = {isa = PBXFileReference; lastKnownFileType = file.storyboard; name = Base; path = Base.lproj/Main.storyboard; sourceTree = "<group>"; };
		4ABA93C51B17593100AE844A /* JSONModellerTests.xctest */ = {isa = PBXFileReference; explicitFileType = wrapper.cfbundle; includeInIndex = 0; path = JSONModellerTests.xctest; sourceTree = BUILT_PRODUCTS_DIR; };
		4ABA93CA1B17593100AE844A /* Info.plist */ = {isa = PBXFileReference; lastKnownFileType = text.plist.xml; path = Info.plist; sourceTree = "<group>"; };
		4ABA93DA1B175A0700AE844A /* Constants.swift */ = {isa = PBXFileReference; fileEncoding = 4; lastKnownFileType = sourcecode.swift; path = Constants.swift; sourceTree = "<group>"; };
		4ABA93DC1B175A6900AE844A /* SaveAccessoryView.swift */ = {isa = PBXFileReference; fileEncoding = 4; lastKnownFileType = sourcecode.swift; path = SaveAccessoryView.swift; sourceTree = "<group>"; };
		4ABA93DE1B175A7800AE844A /* DraggDroppTextView.swift */ = {isa = PBXFileReference; fileEncoding = 4; lastKnownFileType = sourcecode.swift; path = DraggDroppTextView.swift; sourceTree = "<group>"; };
		4ABA93E11B175A9600AE844A /* JSONEditViewController.swift */ = {isa = PBXFileReference; fileEncoding = 4; lastKnownFileType = sourcecode.swift; path = JSONEditViewController.swift; sourceTree = "<group>"; };
		4ABA93E31B1781B600AE844A /* NSMutableString+Extension.swift */ = {isa = PBXFileReference; fileEncoding = 4; lastKnownFileType = sourcecode.swift; path = "NSMutableString+Extension.swift"; sourceTree = "<group>"; };
		4ABA93E61B1781CD00AE844A /* h.filetemplate */ = {isa = PBXFileReference; fileEncoding = 4; lastKnownFileType = text; path = h.filetemplate; sourceTree = "<group>"; };
		4ABA93E71B1781CD00AE844A /* m.filetemplate */ = {isa = PBXFileReference; fileEncoding = 4; lastKnownFileType = text; path = m.filetemplate; sourceTree = "<group>"; };
		4ABA93EA1B17822B00AE844A /* ClassWriter.swift */ = {isa = PBXFileReference; fileEncoding = 4; lastKnownFileType = sourcecode.swift; path = ClassWriter.swift; sourceTree = "<group>"; };
		4ABA93EC1B18087300AE844A /* README.md */ = {isa = PBXFileReference; lastKnownFileType = net.daringfireball.markdown; path = README.md; sourceTree = "<group>"; };
		4ABA93ED1B19FA2F00AE844A /* PropertyInfo.swift */ = {isa = PBXFileReference; fileEncoding = 4; lastKnownFileType = sourcecode.swift; path = PropertyInfo.swift; sourceTree = "<group>"; };
		B2AC7E761BE38BB9004EA6EE /* swift.filetemplate */ = {isa = PBXFileReference; fileEncoding = 4; lastKnownFileType = text; path = swift.filetemplate; sourceTree = "<group>"; };
		B2D3F0501C7D77AC004ED50C /* CompareJSONViewController.swift */ = {isa = PBXFileReference; fileEncoding = 4; lastKnownFileType = sourcecode.swift; path = CompareJSONViewController.swift; sourceTree = "<group>"; };
/* End PBXFileReference section */

/* Begin PBXFrameworksBuildPhase section */
		4ABA93B01B17593000AE844A /* Frameworks */ = {
			isa = PBXFrameworksBuildPhase;
			buildActionMask = 2147483647;
			files = (
			);
			runOnlyForDeploymentPostprocessing = 0;
		};
		4ABA93C21B17593100AE844A /* Frameworks */ = {
			isa = PBXFrameworksBuildPhase;
			buildActionMask = 2147483647;
			files = (
			);
			runOnlyForDeploymentPostprocessing = 0;
		};
/* End PBXFrameworksBuildPhase section */

/* Begin PBXGroup section */
		4ABA93AA1B17593000AE844A = {
			isa = PBXGroup;
			children = (
				4ABA93EC1B18087300AE844A /* README.md */,
				4ABA93B51B17593000AE844A /* JSONModeller */,
				4ABA93C81B17593100AE844A /* JSONModellerTests */,
				4ABA93B41B17593000AE844A /* Products */,
			);
			sourceTree = "<group>";
		};
		4ABA93B41B17593000AE844A /* Products */ = {
			isa = PBXGroup;
			children = (
				4ABA93B31B17593000AE844A /* JSONModeller.app */,
				4ABA93C51B17593100AE844A /* JSONModellerTests.xctest */,
			);
			name = Products;
			sourceTree = "<group>";
		};
		4ABA93B51B17593000AE844A /* JSONModeller */ = {
			isa = PBXGroup;
			children = (
				4ABA93B81B17593000AE844A /* AppDelegate.swift */,
				4ABA93BC1B17593000AE844A /* Images.xcassets */,
				4ABA93BE1B17593000AE844A /* Main.storyboard */,
				4ABA93D91B1759E800AE844A /* Extensions */,
				4ABA93D81B1759DB00AE844A /* Controllers */,
				4ABA93D71B1759D100AE844A /* View */,
				4ABA93D51B1759A800AE844A /* Model */,
				4ABA93B61B17593000AE844A /* Supporting Files */,
			);
			path = JSONModeller;
			sourceTree = "<group>";
		};
		4ABA93B61B17593000AE844A /* Supporting Files */ = {
			isa = PBXGroup;
			children = (
				4ABA93E51B1781CD00AE844A /* Templates */,
				4ABA93B71B17593000AE844A /* Info.plist */,
			);
			name = "Supporting Files";
			sourceTree = "<group>";
		};
		4ABA93C81B17593100AE844A /* JSONModellerTests */ = {
			isa = PBXGroup;
			children = (
				4A20A86F1B1AF97B006B9BFD /* PropetyCreatorTest.swift */,
				4A85D3A01B2235F60043AD5E /* StringExtensionTests.swift */,
				4ABA93C91B17593100AE844A /* Supporting Files */,
			);
			path = JSONModellerTests;
			sourceTree = "<group>";
		};
		4ABA93C91B17593100AE844A /* Supporting Files */ = {
			isa = PBXGroup;
			children = (
				4ABA93CA1B17593100AE844A /* Info.plist */,
			);
			name = "Supporting Files";
			sourceTree = "<group>";
		};
		4ABA93D51B1759A800AE844A /* Model */ = {
			isa = PBXGroup;
			children = (
				4ABA93DA1B175A0700AE844A /* Constants.swift */,
				4ABA93EA1B17822B00AE844A /* ClassWriter.swift */,
				4ABA93ED1B19FA2F00AE844A /* PropertyInfo.swift */,
				4A85D39C1B21F2300043AD5E /* Settings.swift */,
			);
			path = Model;
			sourceTree = "<group>";
		};
		4ABA93D71B1759D100AE844A /* View */ = {
			isa = PBXGroup;
			children = (
				4ABA93DC1B175A6900AE844A /* SaveAccessoryView.swift */,
				4ABA93DE1B175A7800AE844A /* DraggDroppTextView.swift */,
			);
			path = View;
			sourceTree = "<group>";
		};
		4ABA93D81B1759DB00AE844A /* Controllers */ = {
			isa = PBXGroup;
			children = (
				B2D3F04F1C7D7788004ED50C /* CompareJSONViewController */,
				4ABA93E01B175A9600AE844A /* JSONEditViewController */,
			);
			path = Controllers;
			sourceTree = "<group>";
		};
		4ABA93D91B1759E800AE844A /* Extensions */ = {
			isa = PBXGroup;
			children = (
				4ABA93E31B1781B600AE844A /* NSMutableString+Extension.swift */,
				4A20A8721B1F7121006B9BFD /* String+Extension.swift */,
			);
			path = Extensions;
			sourceTree = "<group>";
		};
		4ABA93E01B175A9600AE844A /* JSONEditViewController */ = {
			isa = PBXGroup;
			children = (
				4ABA93E11B175A9600AE844A /* JSONEditViewController.swift */,
			);
			path = JSONEditViewController;
			sourceTree = "<group>";
		};
		4ABA93E51B1781CD00AE844A /* Templates */ = {
			isa = PBXGroup;
			children = (
				4ABA93E61B1781CD00AE844A /* h.filetemplate */,
				4ABA93E71B1781CD00AE844A /* m.filetemplate */,
				B2AC7E761BE38BB9004EA6EE /* swift.filetemplate */,
			);
			path = Templates;
			sourceTree = "<group>";
		};
		B2D3F04F1C7D7788004ED50C /* CompareJSONViewController */ = {
			isa = PBXGroup;
			children = (
				B2D3F0501C7D77AC004ED50C /* CompareJSONViewController.swift */,
			);
			path = CompareJSONViewController;
			sourceTree = "<group>";
		};
/* End PBXGroup section */

/* Begin PBXNativeTarget section */
		4ABA93B21B17593000AE844A /* JSONModeller */ = {
			isa = PBXNativeTarget;
			buildConfigurationList = 4ABA93CF1B17593100AE844A /* Build configuration list for PBXNativeTarget "JSONModeller" */;
			buildPhases = (
				4ABA93AF1B17593000AE844A /* Sources */,
				4ABA93B01B17593000AE844A /* Frameworks */,
				4ABA93B11B17593000AE844A /* Resources */,
			);
			buildRules = (
			);
			dependencies = (
			);
			name = JSONModeller;
			productName = JSONModeller;
			productReference = 4ABA93B31B17593000AE844A /* JSONModeller.app */;
			productType = "com.apple.product-type.application";
		};
		4ABA93C41B17593100AE844A /* JSONModellerTests */ = {
			isa = PBXNativeTarget;
			buildConfigurationList = 4ABA93D21B17593100AE844A /* Build configuration list for PBXNativeTarget "JSONModellerTests" */;
			buildPhases = (
				4ABA93C11B17593100AE844A /* Sources */,
				4ABA93C21B17593100AE844A /* Frameworks */,
				4ABA93C31B17593100AE844A /* Resources */,
			);
			buildRules = (
			);
			dependencies = (
				4ABA93C71B17593100AE844A /* PBXTargetDependency */,
			);
			name = JSONModellerTests;
			productName = JSONModellerTests;
			productReference = 4ABA93C51B17593100AE844A /* JSONModellerTests.xctest */;
			productType = "com.apple.product-type.bundle.unit-test";
		};
/* End PBXNativeTarget section */

/* Begin PBXProject section */
		4ABA93AB1B17593000AE844A /* Project object */ = {
			isa = PBXProject;
			attributes = {
				LastSwiftMigration = 0700;
				LastSwiftUpdateCheck = 0700;
				LastUpgradeCheck = 0810;
				ORGANIZATIONNAME = "Johnykutty Mathew";
				TargetAttributes = {
					4ABA93B21B17593000AE844A = {
						CreatedOnToolsVersion = 6.3;
						LastSwiftMigration = 0810;
					};
					4ABA93C41B17593100AE844A = {
						CreatedOnToolsVersion = 6.3;
						LastSwiftMigration = 0810;
						TestTargetID = 4ABA93B21B17593000AE844A;
					};
				};
			};
			buildConfigurationList = 4ABA93AE1B17593000AE844A /* Build configuration list for PBXProject "JSONModeller" */;
			compatibilityVersion = "Xcode 3.2";
			developmentRegion = English;
			hasScannedForEncodings = 0;
			knownRegions = (
				en,
				Base,
			);
			mainGroup = 4ABA93AA1B17593000AE844A;
			productRefGroup = 4ABA93B41B17593000AE844A /* Products */;
			projectDirPath = "";
			projectRoot = "";
			targets = (
				4ABA93B21B17593000AE844A /* JSONModeller */,
				4ABA93C41B17593100AE844A /* JSONModellerTests */,
			);
		};
/* End PBXProject section */

/* Begin PBXResourcesBuildPhase section */
		4ABA93B11B17593000AE844A /* Resources */ = {
			isa = PBXResourcesBuildPhase;
			buildActionMask = 2147483647;
			files = (
				4ABA93BD1B17593000AE844A /* Images.xcassets in Resources */,
				B2AC7E771BE38BB9004EA6EE /* swift.filetemplate in Resources */,
				4ABA93E91B1781CD00AE844A /* m.filetemplate in Resources */,
				4ABA93C01B17593000AE844A /* Main.storyboard in Resources */,
				4ABA93E81B1781CD00AE844A /* h.filetemplate in Resources */,
			);
			runOnlyForDeploymentPostprocessing = 0;
		};
		4ABA93C31B17593100AE844A /* Resources */ = {
			isa = PBXResourcesBuildPhase;
			buildActionMask = 2147483647;
			files = (
			);
			runOnlyForDeploymentPostprocessing = 0;
		};
/* End PBXResourcesBuildPhase section */

/* Begin PBXSourcesBuildPhase section */
		4ABA93AF1B17593000AE844A /* Sources */ = {
			isa = PBXSourcesBuildPhase;
			buildActionMask = 2147483647;
			files = (
				4ABA93DD1B175A6900AE844A /* SaveAccessoryView.swift in Sources */,
				4A20A8741B1F7404006B9BFD /* String+Extension.swift in Sources */,
				4ABA93DF1B175A7800AE844A /* DraggDroppTextView.swift in Sources */,
				4ABA93EB1B17822B00AE844A /* ClassWriter.swift in Sources */,
				4A85D39D1B21F2300043AD5E /* Settings.swift in Sources */,
				4ABA93E41B1781B600AE844A /* NSMutableString+Extension.swift in Sources */,
				4ABA93B91B17593000AE844A /* AppDelegate.swift in Sources */,
				4ABA93EE1B19FA2F00AE844A /* PropertyInfo.swift in Sources */,
				4ABA93E21B175A9600AE844A /* JSONEditViewController.swift in Sources */,
				4ABA93DB1B175A0700AE844A /* Constants.swift in Sources */,
				B2D3F0511C7D77AC004ED50C /* CompareJSONViewController.swift in Sources */,
			);
			runOnlyForDeploymentPostprocessing = 0;
		};
		4ABA93C11B17593100AE844A /* Sources */ = {
			isa = PBXSourcesBuildPhase;
			buildActionMask = 2147483647;
			files = (
				4A85D3A11B2235F60043AD5E /* StringExtensionTests.swift in Sources */,
				4A2079431E2606D80042FA4B /* ClassWriter.swift in Sources */,
				4A20A8701B1AF97B006B9BFD /* PropetyCreatorTest.swift in Sources */,
				4A20A8751B1F7419006B9BFD /* String+Extension.swift in Sources */,
				4A20A8711B1AFB4B006B9BFD /* PropertyInfo.swift in Sources */,
				4AD1E59F1B2441E8009AD5B8 /* Settings.swift in Sources */,
			);
			runOnlyForDeploymentPostprocessing = 0;
		};
/* End PBXSourcesBuildPhase section */

/* Begin PBXTargetDependency section */
		4ABA93C71B17593100AE844A /* PBXTargetDependency */ = {
			isa = PBXTargetDependency;
			target = 4ABA93B21B17593000AE844A /* JSONModeller */;
			targetProxy = 4ABA93C61B17593100AE844A /* PBXContainerItemProxy */;
		};
/* End PBXTargetDependency section */

/* Begin PBXVariantGroup section */
		4ABA93BE1B17593000AE844A /* Main.storyboard */ = {
			isa = PBXVariantGroup;
			children = (
				4ABA93BF1B17593000AE844A /* Base */,
			);
			name = Main.storyboard;
			sourceTree = "<group>";
		};
/* End PBXVariantGroup section */

/* Begin XCBuildConfiguration section */
		4ABA93CD1B17593100AE844A /* Debug */ = {
			isa = XCBuildConfiguration;
			buildSettings = {
				ALWAYS_SEARCH_USER_PATHS = NO;
				CLANG_CXX_LANGUAGE_STANDARD = "gnu++0x";
				CLANG_CXX_LIBRARY = "libc++";
				CLANG_ENABLE_MODULES = YES;
				CLANG_ENABLE_OBJC_ARC = YES;
				CLANG_WARN_BOOL_CONVERSION = YES;
				CLANG_WARN_CONSTANT_CONVERSION = YES;
				CLANG_WARN_DIRECT_OBJC_ISA_USAGE = YES_ERROR;
				CLANG_WARN_EMPTY_BODY = YES;
				CLANG_WARN_ENUM_CONVERSION = YES;
				CLANG_WARN_INFINITE_RECURSION = YES;
				CLANG_WARN_INT_CONVERSION = YES;
				CLANG_WARN_OBJC_ROOT_CLASS = YES_ERROR;
				CLANG_WARN_SUSPICIOUS_MOVE = YES;
				CLANG_WARN_UNREACHABLE_CODE = YES;
				CLANG_WARN__DUPLICATE_METHOD_MATCH = YES;
				CODE_SIGN_IDENTITY = "-";
				COPY_PHASE_STRIP = NO;
				DEBUG_INFORMATION_FORMAT = dwarf;
				ENABLE_STRICT_OBJC_MSGSEND = YES;
				ENABLE_TESTABILITY = YES;
				GCC_C_LANGUAGE_STANDARD = gnu99;
				GCC_DYNAMIC_NO_PIC = NO;
				GCC_NO_COMMON_BLOCKS = YES;
				GCC_OPTIMIZATION_LEVEL = 0;
				GCC_PREPROCESSOR_DEFINITIONS = (
					"DEBUG=1",
					"$(inherited)",
				);
				GCC_SYMBOLS_PRIVATE_EXTERN = NO;
				GCC_WARN_64_TO_32_BIT_CONVERSION = YES;
				GCC_WARN_ABOUT_RETURN_TYPE = YES_ERROR;
				GCC_WARN_UNDECLARED_SELECTOR = YES;
				GCC_WARN_UNINITIALIZED_AUTOS = YES_AGGRESSIVE;
				GCC_WARN_UNUSED_FUNCTION = YES;
				GCC_WARN_UNUSED_VARIABLE = YES;
				MACOSX_DEPLOYMENT_TARGET = 10.10;
				MTL_ENABLE_DEBUG_INFO = YES;
				ONLY_ACTIVE_ARCH = YES;
				SDKROOT = macosx;
				SWIFT_OPTIMIZATION_LEVEL = "-Onone";
			};
			name = Debug;
		};
		4ABA93CE1B17593100AE844A /* Release */ = {
			isa = XCBuildConfiguration;
			buildSettings = {
				ALWAYS_SEARCH_USER_PATHS = NO;
				CLANG_CXX_LANGUAGE_STANDARD = "gnu++0x";
				CLANG_CXX_LIBRARY = "libc++";
				CLANG_ENABLE_MODULES = YES;
				CLANG_ENABLE_OBJC_ARC = YES;
				CLANG_WARN_BOOL_CONVERSION = YES;
				CLANG_WARN_CONSTANT_CONVERSION = YES;
				CLANG_WARN_DIRECT_OBJC_ISA_USAGE = YES_ERROR;
				CLANG_WARN_EMPTY_BODY = YES;
				CLANG_WARN_ENUM_CONVERSION = YES;
				CLANG_WARN_INFINITE_RECURSION = YES;
				CLANG_WARN_INT_CONVERSION = YES;
				CLANG_WARN_OBJC_ROOT_CLASS = YES_ERROR;
				CLANG_WARN_SUSPICIOUS_MOVE = YES;
				CLANG_WARN_UNREACHABLE_CODE = YES;
				CLANG_WARN__DUPLICATE_METHOD_MATCH = YES;
				CODE_SIGN_IDENTITY = "-";
				COPY_PHASE_STRIP = NO;
				DEBUG_INFORMATION_FORMAT = "dwarf-with-dsym";
				ENABLE_NS_ASSERTIONS = NO;
				ENABLE_STRICT_OBJC_MSGSEND = YES;
				GCC_C_LANGUAGE_STANDARD = gnu99;
				GCC_NO_COMMON_BLOCKS = YES;
				GCC_WARN_64_TO_32_BIT_CONVERSION = YES;
				GCC_WARN_ABOUT_RETURN_TYPE = YES_ERROR;
				GCC_WARN_UNDECLARED_SELECTOR = YES;
				GCC_WARN_UNINITIALIZED_AUTOS = YES_AGGRESSIVE;
				GCC_WARN_UNUSED_FUNCTION = YES;
				GCC_WARN_UNUSED_VARIABLE = YES;
				MACOSX_DEPLOYMENT_TARGET = 10.10;
				MTL_ENABLE_DEBUG_INFO = NO;
				SDKROOT = macosx;
				SWIFT_OPTIMIZATION_LEVEL = "-Owholemodule";
			};
			name = Release;
		};
		4ABA93D01B17593100AE844A /* Debug */ = {
			isa = XCBuildConfiguration;
			buildSettings = {
				ASSETCATALOG_COMPILER_APPICON_NAME = AppIcon;
				COMBINE_HIDPI_IMAGES = YES;
				INFOPLIST_FILE = JSONModeller/Info.plist;
				LD_RUNPATH_SEARCH_PATHS = "$(inherited) @executable_path/../Frameworks";
				PRODUCT_BUNDLE_IDENTIFIER = "johny.$(PRODUCT_NAME:rfc1034identifier)";
				PRODUCT_NAME = "$(TARGET_NAME)";
				SWIFT_VERSION = 3.0;
			};
			name = Debug;
		};
		4ABA93D11B17593100AE844A /* Release */ = {
			isa = XCBuildConfiguration;
			buildSettings = {
				ASSETCATALOG_COMPILER_APPICON_NAME = AppIcon;
				COMBINE_HIDPI_IMAGES = YES;
				INFOPLIST_FILE = JSONModeller/Info.plist;
				LD_RUNPATH_SEARCH_PATHS = "$(inherited) @executable_path/../Frameworks";
				PRODUCT_BUNDLE_IDENTIFIER = "johny.$(PRODUCT_NAME:rfc1034identifier)";
				PRODUCT_NAME = "$(TARGET_NAME)";
				SWIFT_VERSION = 3.0;
			};
			name = Release;
		};
		4ABA93D31B17593100AE844A /* Debug */ = {
			isa = XCBuildConfiguration;
			buildSettings = {
				BUNDLE_LOADER = "$(TEST_HOST)";
				COMBINE_HIDPI_IMAGES = YES;
				FRAMEWORK_SEARCH_PATHS = (
					"$(DEVELOPER_FRAMEWORKS_DIR)",
					"$(inherited)",
				);
				GCC_PREPROCESSOR_DEFINITIONS = (
					"DEBUG=1",
					"$(inherited)",
				);
				INFOPLIST_FILE = JSONModellerTests/Info.plist;
				LD_RUNPATH_SEARCH_PATHS = "$(inherited) @executable_path/../Frameworks @loader_path/../Frameworks";
				PRODUCT_BUNDLE_IDENTIFIER = "johny.$(PRODUCT_NAME:rfc1034identifier)";
				PRODUCT_NAME = "$(TARGET_NAME)";
				SWIFT_VERSION = 3.0;
				TEST_HOST = "$(BUILT_PRODUCTS_DIR)/JSONModeller.app/Contents/MacOS/JSONModeller";
			};
			name = Debug;
		};
		4ABA93D41B17593100AE844A /* Release */ = {
			isa = XCBuildConfiguration;
			buildSettings = {
				BUNDLE_LOADER = "$(TEST_HOST)";
				COMBINE_HIDPI_IMAGES = YES;
				FRAMEWORK_SEARCH_PATHS = (
					"$(DEVELOPER_FRAMEWORKS_DIR)",
					"$(inherited)",
				);
				INFOPLIST_FILE = JSONModellerTests/Info.plist;
				LD_RUNPATH_SEARCH_PATHS = "$(inherited) @executable_path/../Frameworks @loader_path/../Frameworks";
				PRODUCT_BUNDLE_IDENTIFIER = "johny.$(PRODUCT_NAME:rfc1034identifier)";
				PRODUCT_NAME = "$(TARGET_NAME)";
				SWIFT_VERSION = 3.0;
				TEST_HOST = "$(BUILT_PRODUCTS_DIR)/JSONModeller.app/Contents/MacOS/JSONModeller";
			};
			name = Release;
		};
/* End XCBuildConfiguration section */

/* Begin XCConfigurationList section */
		4ABA93AE1B17593000AE844A /* Build configuration list for PBXProject "JSONModeller" */ = {
			isa = XCConfigurationList;
			buildConfigurations = (
				4ABA93CD1B17593100AE844A /* Debug */,
				4ABA93CE1B17593100AE844A /* Release */,
			);
			defaultConfigurationIsVisible = 0;
			defaultConfigurationName = Release;
		};
		4ABA93CF1B17593100AE844A /* Build configuration list for PBXNativeTarget "JSONModeller" */ = {
			isa = XCConfigurationList;
			buildConfigurations = (
				4ABA93D01B17593100AE844A /* Debug */,
				4ABA93D11B17593100AE844A /* Release */,
			);
			defaultConfigurationIsVisible = 0;
			defaultConfigurationName = Release;
		};
		4ABA93D21B17593100AE844A /* Build configuration list for PBXNativeTarget "JSONModellerTests" */ = {
			isa = XCConfigurationList;
			buildConfigurations = (
				4ABA93D31B17593100AE844A /* Debug */,
				4ABA93D41B17593100AE844A /* Release */,
			);
			defaultConfigurationIsVisible = 0;
			defaultConfigurationName = Release;
		};
/* End XCConfigurationList section */
	};
	rootObject = 4ABA93AB1B17593000AE844A /* Project object */;
}
